PODS:
  - Flutter (1.0.0)
  - flutter_launch (0.0.1):
    - Flutter

DEPENDENCIES:
  - Flutter (from `.symlinks/flutter/ios`)
  - flutter_launch (from `.symlinks/plugins/flutter_launch/ios`)

EXTERNAL SOURCES:
  Flutter:
    :path: ".symlinks/flutter/ios"
  flutter_launch:
    :path: ".symlinks/plugins/flutter_launch/ios"

SPEC CHECKSUMS:
  Flutter: 9d0fac939486c9aba2809b7982dfdbb47a7b0296
  flutter_launch: 45795bd5ba2f2377712e53a55d93d4153c50963b

PODFILE CHECKSUM: ebd43b443038e611b86ede96e613bd6033c49497

COCOAPODS: 1.5.3
