PODS:
  - Flutter (1.0.0)
  - flutter_launch (0.0.1):
    - Flutter

DEPENDENCIES:
  - Flutter (from `Flutter`)
  - flutter_launch (from `.symlinks/plugins/flutter_launch/ios`)

EXTERNAL SOURCES:
  Flutter:
    :path: Flutter
  flutter_launch:
    :path: ".symlinks/plugins/flutter_launch/ios"

SPEC CHECKSUMS:
  Flutter: 50d75fe2f02b26cc09d224853bb45737f8b3214a
  flutter_launch: c6b9eef5e64766bc5a737e43b68674950ab9c699

PODFILE CHECKSUM: aafe91acc616949ddb318b77800a7f51bffa2a4c

COCOAPODS: 1.11.2
